
Microsoft Visual Studio Solution File, Format Version 12.00
# Visual Studio Version 17
VisualStudioVersion = 17.1.31911.260
MinimumVisualStudioVersion = 10.0.40219.1
Project("{FAE04EC0-301F-11D3-BF4B-00C04F79EFBC}") = "OutlandSpace.Controller", "OutlandSpace.Controller\OutlandSpace.Controller.csproj", "{192154A1-B050-484C-BC7B-059B42A9FECD}"
EndProject
Project("{FAE04EC0-301F-11D3-BF4B-00C04F79EFBC}") = "OutlandSpace.Universe", "OutlandSpace.Universe\OutlandSpace.Universe.csproj", "{63BCFEC8-7186-4F95-BA06-4932880144A0}"
EndProject
Project("{FAE04EC0-301F-11D3-BF4B-00C04F79EFBC}") = "OutlandSpace.Server", "OutlandSpace.Server\OutlandSpace.Server.csproj", "{FBD4D149-7C5D-4068-93B2-10523615FDAC}"
EndProject
Global
	GlobalSection(SolutionConfigurationPlatforms) = preSolution
		Debug|Any CPU = Debug|Any CPU
		Release|Any CPU = Release|Any CPU
	EndGlobalSection
	GlobalSection(ProjectConfigurationPlatforms) = postSolution
		{192154A1-B050-484C-BC7B-059B42A9FECD}.Debug|Any CPU.ActiveCfg = Debug|Any CPU
		{192154A1-B050-484C-BC7B-059B42A9FECD}.Debug|Any CPU.Build.0 = Debug|Any CPU
		{192154A1-B050-484C-BC7B-059B42A9FECD}.Release|Any CPU.ActiveCfg = Release|Any CPU
		{192154A1-B050-484C-BC7B-059B42A9FECD}.Release|Any CPU.Build.0 = Release|Any CPU
		{63BCFEC8-7186-4F95-BA06-4932880144A0}.Debug|Any CPU.ActiveCfg = Debug|Any CPU
		{63BCFEC8-7186-4F95-BA06-4932880144A0}.Debug|Any CPU.Build.0 = Debug|Any CPU
		{63BCFEC8-7186-4F95-BA06-4932880144A0}.Release|Any CPU.ActiveCfg = Release|Any CPU
		{63BCFEC8-7186-4F95-BA06-4932880144A0}.Release|Any CPU.Build.0 = Release|Any CPU
		{FBD4D149-7C5D-4068-93B2-10523615FDAC}.Debug|Any CPU.ActiveCfg = Debug|Any CPU
		{FBD4D149-7C5D-4068-93B2-10523615FDAC}.Debug|Any CPU.Build.0 = Debug|Any CPU
		{FBD4D149-7C5D-4068-93B2-10523615FDAC}.Release|Any CPU.ActiveCfg = Release|Any CPU
		{FBD4D149-7C5D-4068-93B2-10523615FDAC}.Release|Any CPU.Build.0 = Release|Any CPU
	EndGlobalSection
	GlobalSection(SolutionProperties) = preSolution
		HideSolutionNode = FALSE
	EndGlobalSection
	GlobalSection(ExtensibilityGlobals) = postSolution
		SolutionGuid = {EC5ACBAB-E703-4C53-B2F7-10E2358A1EAA}
	EndGlobalSection
EndGlobal
